
Microsoft Visual Studio Solution File, Format Version 12.00
# Visual Studio Version 16
VisualStudioVersion = 16.0.29905.134
MinimumVisualStudioVersion = 10.0.40219.1
Project("{FAE04EC0-301F-11D3-BF4B-00C04F79EFBC}") = "FirstDemoTest", "FirstDemoTest\FirstDemoTest.csproj", "{BCEEB04A-F613-4BFA-BE50-DCF6AB21016B}"
EndProject
Global
	GlobalSection(SolutionConfigurationPlatforms) = preSolution
		Debug|Any CPU = Debug|Any CPU
		Release|Any CPU = Release|Any CPU
	EndGlobalSection
	GlobalSection(ProjectConfigurationPlatforms) = postSolution
		{BCEEB04A-F613-4BFA-BE50-DCF6AB21016B}.Debug|Any CPU.ActiveCfg = Debug|Any CPU
		{BCEEB04A-F613-4BFA-BE50-DCF6AB21016B}.Debug|Any CPU.Build.0 = Debug|Any CPU
		{BCEEB04A-F613-4BFA-BE50-DCF6AB21016B}.Release|Any CPU.ActiveCfg = Release|Any CPU
		{BCEEB04A-F613-4BFA-BE50-DCF6AB21016B}.Release|Any CPU.Build.0 = Release|Any CPU
	EndGlobalSection
	GlobalSection(SolutionProperties) = preSolution
		HideSolutionNode = FALSE
	EndGlobalSection
	GlobalSection(ExtensibilityGlobals) = postSolution
		SolutionGuid = {AA092B8E-345D-40E1-BB4E-D56175111D9A}
	EndGlobalSection
EndGlobal
